
Microsoft Visual Studio Solution File, Format Version 12.00
# Visual Studio Version 17
VisualStudioVersion = 17.8.34511.84
MinimumVisualStudioVersion = 10.0.40219.1
Project("{9A19103F-16F7-4668-BE54-9A1E7A4F7556}") = "ProjektSQL", "ProjektSQL\ProjektSQL.csproj", "{C7EEDBE6-0563-4FF5-A451-90676FCA94FA}"
EndProject
Project("{FAE04EC0-301F-11D3-BF4B-00C04F79EFBC}") = "WPFApp", "WPFApp\WPFApp.csproj", "{2EC3301F-6C87-4BE7-9BBC-3097A8899433}"
EndProject
Global
	GlobalSection(SolutionConfigurationPlatforms) = preSolution
		Debug|Any CPU = Debug|Any CPU
		Release|Any CPU = Release|Any CPU
	EndGlobalSection
	GlobalSection(ProjectConfigurationPlatforms) = postSolution
		{C7EEDBE6-0563-4FF5-A451-90676FCA94FA}.Debug|Any CPU.ActiveCfg = Debug|Any CPU
		{C7EEDBE6-0563-4FF5-A451-90676FCA94FA}.Debug|Any CPU.Build.0 = Debug|Any CPU
		{C7EEDBE6-0563-4FF5-A451-90676FCA94FA}.Release|Any CPU.ActiveCfg = Release|Any CPU
		{C7EEDBE6-0563-4FF5-A451-90676FCA94FA}.Release|Any CPU.Build.0 = Release|Any CPU
		{2EC3301F-6C87-4BE7-9BBC-3097A8899433}.Debug|Any CPU.ActiveCfg = Debug|Any CPU
		{2EC3301F-6C87-4BE7-9BBC-3097A8899433}.Debug|Any CPU.Build.0 = Debug|Any CPU
		{2EC3301F-6C87-4BE7-9BBC-3097A8899433}.Release|Any CPU.ActiveCfg = Release|Any CPU
		{2EC3301F-6C87-4BE7-9BBC-3097A8899433}.Release|Any CPU.Build.0 = Release|Any CPU
	EndGlobalSection
	GlobalSection(SolutionProperties) = preSolution
		HideSolutionNode = FALSE
	EndGlobalSection
	GlobalSection(ExtensibilityGlobals) = postSolution
		SolutionGuid = {A85CD88F-1E1E-482F-8711-852DC23100B9}
	EndGlobalSection
EndGlobal
